// !$*UTF8*$!
{
	archiveVersion = 1;
	classes = {
	};
	objectVersion = 55;
	objects = {

/* Begin PBXBuildFile section */
		362F42FB273CF3FA0033E580 /* NetworkResult.swift in Sources */ = {isa = PBXBuildFile; fileRef = 362F42FA273CF3FA0033E580 /* NetworkResult.swift */; };
		362F42FD273CF40E0033E580 /* Constants.swift in Sources */ = {isa = PBXBuildFile; fileRef = 362F42FC273CF40E0033E580 /* Constants.swift */; };
		362F42FF273CF5BA0033E580 /* LoginDataModel.swift in Sources */ = {isa = PBXBuildFile; fileRef = 362F42FE273CF5BA0033E580 /* LoginDataModel.swift */; };
		362F4301273CF9320033E580 /* LoginService.swift in Sources */ = {isa = PBXBuildFile; fileRef = 362F4300273CF9320033E580 /* LoginService.swift */; };
		362F4303273CFD530033E580 /* UIViewController++.swift in Sources */ = {isa = PBXBuildFile; fileRef = 362F4302273CFD530033E580 /* UIViewController++.swift */; };
		36631BF8272BD2B4001BEC5B /* UIView++.swift in Sources */ = {isa = PBXBuildFile; fileRef = 36631BF7272BD2B4001BEC5B /* UIView++.swift */; };
		36631C01272BDF31001BEC5B /* UITableView++.swift in Sources */ = {isa = PBXBuildFile; fileRef = 36631C00272BDF31001BEC5B /* UITableView++.swift */; };
		36631C04272BF533001BEC5B /* ShortsTVC.swift in Sources */ = {isa = PBXBuildFile; fileRef = 36631C02272BF533001BEC5B /* ShortsTVC.swift */; };
		36631C05272BF533001BEC5B /* ShortsTVC.xib in Resources */ = {isa = PBXBuildFile; fileRef = 36631C03272BF533001BEC5B /* ShortsTVC.xib */; };
		36631C09272BF68C001BEC5B /* ShortsCVC.swift in Sources */ = {isa = PBXBuildFile; fileRef = 36631C07272BF68C001BEC5B /* ShortsCVC.swift */; };
		36631C0A272BF68C001BEC5B /* ShortsCVC.xib in Resources */ = {isa = PBXBuildFile; fileRef = 36631C08272BF68C001BEC5B /* ShortsCVC.xib */; };
		36631C0D272BF9F9001BEC5B /* UICollectionView++.swift in Sources */ = {isa = PBXBuildFile; fileRef = 36631C0C272BF9F9001BEC5B /* UICollectionView++.swift */; };
		36631C10272C04F2001BEC5B /* VideoTVC.swift in Sources */ = {isa = PBXBuildFile; fileRef = 36631C0E272C04F2001BEC5B /* VideoTVC.swift */; };
		36631C11272C04F2001BEC5B /* VideoTVC.xib in Resources */ = {isa = PBXBuildFile; fileRef = 36631C0F272C04F2001BEC5B /* VideoTVC.xib */; };
		366D23F42710627600652491 /* Register.storyboard in Resources */ = {isa = PBXBuildFile; fileRef = 366D23F32710627600652491 /* Register.storyboard */; };
		366D23F62710628800652491 /* RegisterVC.swift in Sources */ = {isa = PBXBuildFile; fileRef = 366D23F52710628800652491 /* RegisterVC.swift */; };
		366D23F827106D5300652491 /* CompleteLogin.storyboard in Resources */ = {isa = PBXBuildFile; fileRef = 366D23F727106D5300652491 /* CompleteLogin.storyboard */; };
		366D23FA27106D6200652491 /* CompleteLoginVC.swift in Sources */ = {isa = PBXBuildFile; fileRef = 366D23F927106D6200652491 /* CompleteLoginVC.swift */; };
		36A6021C2710078F002BBF40 /* AppDelegate.swift in Sources */ = {isa = PBXBuildFile; fileRef = 36A6021B2710078F002BBF40 /* AppDelegate.swift */; };
		36A6021E2710078F002BBF40 /* SceneDelegate.swift in Sources */ = {isa = PBXBuildFile; fileRef = 36A6021D2710078F002BBF40 /* SceneDelegate.swift */; };
		36A602202710078F002BBF40 /* ViewController.swift in Sources */ = {isa = PBXBuildFile; fileRef = 36A6021F2710078F002BBF40 /* ViewController.swift */; };
		36A602232710078F002BBF40 /* Main.storyboard in Resources */ = {isa = PBXBuildFile; fileRef = 36A602212710078F002BBF40 /* Main.storyboard */; };
		36A6022527100790002BBF40 /* Assets.xcassets in Resources */ = {isa = PBXBuildFile; fileRef = 36A6022427100790002BBF40 /* Assets.xcassets */; };
		36A6022827100790002BBF40 /* LaunchScreen.storyboard in Resources */ = {isa = PBXBuildFile; fileRef = 36A6022627100790002BBF40 /* LaunchScreen.storyboard */; };
		36A60235271008C2002BBF40 /* Login.storyboard in Resources */ = {isa = PBXBuildFile; fileRef = 36A60234271008C2002BBF40 /* Login.storyboard */; };
		36A60237271008DE002BBF40 /* LoginVC.swift in Sources */ = {isa = PBXBuildFile; fileRef = 36A60236271008DE002BBF40 /* LoginVC.swift */; };
		36F8F6C72721464E00092338 /* TabbarVC.swift in Sources */ = {isa = PBXBuildFile; fileRef = 36F8F6C62721464E00092338 /* TabbarVC.swift */; };
		36F8F6CB272146DD00092338 /* HomeVC.swift in Sources */ = {isa = PBXBuildFile; fileRef = 36F8F6CA272146DD00092338 /* HomeVC.swift */; };
		36F8F6CF2721470D00092338 /* Home.storyboard in Resources */ = {isa = PBXBuildFile; fileRef = 36F8F6CE2721470D00092338 /* Home.storyboard */; };
		36F8F6D12721482100092338 /* Tabbar.storyboard in Resources */ = {isa = PBXBuildFile; fileRef = 36F8F6D02721482100092338 /* Tabbar.storyboard */; };
		36F8F6D52722DD4E00092338 /* Shorts.storyboard in Resources */ = {isa = PBXBuildFile; fileRef = 36F8F6D42722DD4E00092338 /* Shorts.storyboard */; };
		36F8F6D82722DD6B00092338 /* Adds.storyboard in Resources */ = {isa = PBXBuildFile; fileRef = 36F8F6D72722DD6B00092338 /* Adds.storyboard */; };
		36F8F6DB2722DD7E00092338 /* Subscribe.storyboard in Resources */ = {isa = PBXBuildFile; fileRef = 36F8F6DA2722DD7E00092338 /* Subscribe.storyboard */; };
		36F8F6DE2722DD9800092338 /* Saves.storyboard in Resources */ = {isa = PBXBuildFile; fileRef = 36F8F6DD2722DD9800092338 /* Saves.storyboard */; };
		36F8F6E02722DDB100092338 /* ShortsVC.swift in Sources */ = {isa = PBXBuildFile; fileRef = 36F8F6DF2722DDB100092338 /* ShortsVC.swift */; };
		36F8F6E72722DDE600092338 /* AddsVC.swift in Sources */ = {isa = PBXBuildFile; fileRef = 36F8F6E62722DDE600092338 /* AddsVC.swift */; };
		36F8F6E92722DDF800092338 /* SubscribeVC.swift in Sources */ = {isa = PBXBuildFile; fileRef = 36F8F6E82722DDF800092338 /* SubscribeVC.swift */; };
		36F8F6EB2722DE0500092338 /* SavesVC.swift in Sources */ = {isa = PBXBuildFile; fileRef = 36F8F6EA2722DE0500092338 /* SavesVC.swift */; };
		449778D290D94C27EDF77663 /* Pods_Youtube_Clone.framework in Frameworks */ = {isa = PBXBuildFile; fileRef = A42C46E5A41B6283E7A221CB /* Pods_Youtube_Clone.framework */; };
/* End PBXBuildFile section */

/* Begin PBXFileReference section */
		362F42FA273CF3FA0033E580 /* NetworkResult.swift */ = {isa = PBXFileReference; lastKnownFileType = sourcecode.swift; path = NetworkResult.swift; sourceTree = "<group>"; };
		362F42FC273CF40E0033E580 /* Constants.swift */ = {isa = PBXFileReference; lastKnownFileType = sourcecode.swift; path = Constants.swift; sourceTree = "<group>"; };
		362F42FE273CF5BA0033E580 /* LoginDataModel.swift */ = {isa = PBXFileReference; lastKnownFileType = sourcecode.swift; path = LoginDataModel.swift; sourceTree = "<group>"; };
		362F4300273CF9320033E580 /* LoginService.swift */ = {isa = PBXFileReference; lastKnownFileType = sourcecode.swift; path = LoginService.swift; sourceTree = "<group>"; };
		362F4302273CFD530033E580 /* UIViewController++.swift */ = {isa = PBXFileReference; lastKnownFileType = sourcecode.swift; path = "UIViewController++.swift"; sourceTree = "<group>"; };
		36631BF7272BD2B4001BEC5B /* UIView++.swift */ = {isa = PBXFileReference; lastKnownFileType = sourcecode.swift; path = "UIView++.swift"; sourceTree = "<group>"; };
		36631C00272BDF31001BEC5B /* UITableView++.swift */ = {isa = PBXFileReference; lastKnownFileType = sourcecode.swift; path = "UITableView++.swift"; sourceTree = "<group>"; };
		36631C02272BF533001BEC5B /* ShortsTVC.swift */ = {isa = PBXFileReference; lastKnownFileType = sourcecode.swift; path = ShortsTVC.swift; sourceTree = "<group>"; };
		36631C03272BF533001BEC5B /* ShortsTVC.xib */ = {isa = PBXFileReference; lastKnownFileType = file.xib; path = ShortsTVC.xib; sourceTree = "<group>"; };
		36631C07272BF68C001BEC5B /* ShortsCVC.swift */ = {isa = PBXFileReference; lastKnownFileType = sourcecode.swift; path = ShortsCVC.swift; sourceTree = "<group>"; };
		36631C08272BF68C001BEC5B /* ShortsCVC.xib */ = {isa = PBXFileReference; lastKnownFileType = file.xib; path = ShortsCVC.xib; sourceTree = "<group>"; };
		36631C0C272BF9F9001BEC5B /* UICollectionView++.swift */ = {isa = PBXFileReference; lastKnownFileType = sourcecode.swift; path = "UICollectionView++.swift"; sourceTree = "<group>"; };
		36631C0E272C04F2001BEC5B /* VideoTVC.swift */ = {isa = PBXFileReference; lastKnownFileType = sourcecode.swift; path = VideoTVC.swift; sourceTree = "<group>"; };
		36631C0F272C04F2001BEC5B /* VideoTVC.xib */ = {isa = PBXFileReference; lastKnownFileType = file.xib; path = VideoTVC.xib; sourceTree = "<group>"; };
		366D23F32710627600652491 /* Register.storyboard */ = {isa = PBXFileReference; lastKnownFileType = file.storyboard; path = Register.storyboard; sourceTree = "<group>"; };
		366D23F52710628800652491 /* RegisterVC.swift */ = {isa = PBXFileReference; lastKnownFileType = sourcecode.swift; path = RegisterVC.swift; sourceTree = "<group>"; };
		366D23F727106D5300652491 /* CompleteLogin.storyboard */ = {isa = PBXFileReference; lastKnownFileType = file.storyboard; path = CompleteLogin.storyboard; sourceTree = "<group>"; };
		366D23F927106D6200652491 /* CompleteLoginVC.swift */ = {isa = PBXFileReference; lastKnownFileType = sourcecode.swift; path = CompleteLoginVC.swift; sourceTree = "<group>"; };
		36A602182710078F002BBF40 /* Youtube_Clone.app */ = {isa = PBXFileReference; explicitFileType = wrapper.application; includeInIndex = 0; path = Youtube_Clone.app; sourceTree = BUILT_PRODUCTS_DIR; };
		36A6021B2710078F002BBF40 /* AppDelegate.swift */ = {isa = PBXFileReference; lastKnownFileType = sourcecode.swift; path = AppDelegate.swift; sourceTree = "<group>"; };
		36A6021D2710078F002BBF40 /* SceneDelegate.swift */ = {isa = PBXFileReference; lastKnownFileType = sourcecode.swift; path = SceneDelegate.swift; sourceTree = "<group>"; };
		36A6021F2710078F002BBF40 /* ViewController.swift */ = {isa = PBXFileReference; lastKnownFileType = sourcecode.swift; path = ViewController.swift; sourceTree = "<group>"; };
		36A602222710078F002BBF40 /* Base */ = {isa = PBXFileReference; lastKnownFileType = file.storyboard; name = Base; path = Base.lproj/Main.storyboard; sourceTree = "<group>"; };
		36A6022427100790002BBF40 /* Assets.xcassets */ = {isa = PBXFileReference; lastKnownFileType = folder.assetcatalog; path = Assets.xcassets; sourceTree = "<group>"; };
		36A6022727100790002BBF40 /* Base */ = {isa = PBXFileReference; lastKnownFileType = file.storyboard; name = Base; path = Base.lproj/LaunchScreen.storyboard; sourceTree = "<group>"; };
		36A6022927100790002BBF40 /* Info.plist */ = {isa = PBXFileReference; lastKnownFileType = text.plist.xml; path = Info.plist; sourceTree = "<group>"; };
		36A60234271008C2002BBF40 /* Login.storyboard */ = {isa = PBXFileReference; lastKnownFileType = file.storyboard; path = Login.storyboard; sourceTree = "<group>"; };
		36A60236271008DE002BBF40 /* LoginVC.swift */ = {isa = PBXFileReference; lastKnownFileType = sourcecode.swift; path = LoginVC.swift; sourceTree = "<group>"; };
		36F8F6C62721464E00092338 /* TabbarVC.swift */ = {isa = PBXFileReference; lastKnownFileType = sourcecode.swift; path = TabbarVC.swift; sourceTree = "<group>"; };
		36F8F6CA272146DD00092338 /* HomeVC.swift */ = {isa = PBXFileReference; lastKnownFileType = sourcecode.swift; path = HomeVC.swift; sourceTree = "<group>"; };
		36F8F6CE2721470D00092338 /* Home.storyboard */ = {isa = PBXFileReference; lastKnownFileType = file.storyboard; path = Home.storyboard; sourceTree = "<group>"; };
		36F8F6D02721482100092338 /* Tabbar.storyboard */ = {isa = PBXFileReference; lastKnownFileType = file.storyboard; path = Tabbar.storyboard; sourceTree = "<group>"; };
		36F8F6D42722DD4E00092338 /* Shorts.storyboard */ = {isa = PBXFileReference; lastKnownFileType = file.storyboard; path = Shorts.storyboard; sourceTree = "<group>"; };
		36F8F6D72722DD6B00092338 /* Adds.storyboard */ = {isa = PBXFileReference; lastKnownFileType = file.storyboard; path = Adds.storyboard; sourceTree = "<group>"; };
		36F8F6DA2722DD7E00092338 /* Subscribe.storyboard */ = {isa = PBXFileReference; lastKnownFileType = file.storyboard; path = Subscribe.storyboard; sourceTree = "<group>"; };
		36F8F6DD2722DD9800092338 /* Saves.storyboard */ = {isa = PBXFileReference; lastKnownFileType = file.storyboard; path = Saves.storyboard; sourceTree = "<group>"; };
		36F8F6DF2722DDB100092338 /* ShortsVC.swift */ = {isa = PBXFileReference; lastKnownFileType = sourcecode.swift; path = ShortsVC.swift; sourceTree = "<group>"; };
		36F8F6E62722DDE600092338 /* AddsVC.swift */ = {isa = PBXFileReference; lastKnownFileType = sourcecode.swift; path = AddsVC.swift; sourceTree = "<group>"; };
		36F8F6E82722DDF800092338 /* SubscribeVC.swift */ = {isa = PBXFileReference; lastKnownFileType = sourcecode.swift; path = SubscribeVC.swift; sourceTree = "<group>"; };
		36F8F6EA2722DE0500092338 /* SavesVC.swift */ = {isa = PBXFileReference; lastKnownFileType = sourcecode.swift; path = SavesVC.swift; sourceTree = "<group>"; };
		A42C46E5A41B6283E7A221CB /* Pods_Youtube_Clone.framework */ = {isa = PBXFileReference; explicitFileType = wrapper.framework; includeInIndex = 0; path = Pods_Youtube_Clone.framework; sourceTree = BUILT_PRODUCTS_DIR; };
		BC33DB4C4E3E561CC28854FA /* Pods-Youtube_Clone.debug.xcconfig */ = {isa = PBXFileReference; includeInIndex = 1; lastKnownFileType = text.xcconfig; name = "Pods-Youtube_Clone.debug.xcconfig"; path = "Target Support Files/Pods-Youtube_Clone/Pods-Youtube_Clone.debug.xcconfig"; sourceTree = "<group>"; };
		DA2DEAD95BCC3B36D86A6F98 /* Pods-Youtube_Clone.release.xcconfig */ = {isa = PBXFileReference; includeInIndex = 1; lastKnownFileType = text.xcconfig; name = "Pods-Youtube_Clone.release.xcconfig"; path = "Target Support Files/Pods-Youtube_Clone/Pods-Youtube_Clone.release.xcconfig"; sourceTree = "<group>"; };
/* End PBXFileReference section */

/* Begin PBXFrameworksBuildPhase section */
		36A602152710078F002BBF40 /* Frameworks */ = {
			isa = PBXFrameworksBuildPhase;
			buildActionMask = 2147483647;
			files = (
				449778D290D94C27EDF77663 /* Pods_Youtube_Clone.framework in Frameworks */,
			);
			runOnlyForDeploymentPostprocessing = 0;
		};
/* End PBXFrameworksBuildPhase section */

/* Begin PBXGroup section */
		0D494705EBF7D75CB464EE7D /* Pods */ = {
			isa = PBXGroup;
			children = (
				BC33DB4C4E3E561CC28854FA /* Pods-Youtube_Clone.debug.xcconfig */,
				DA2DEAD95BCC3B36D86A6F98 /* Pods-Youtube_Clone.release.xcconfig */,
			);
			path = Pods;
			sourceTree = "<group>";
		};
		362F42F9273CF3E00033E580 /* Service */ = {
			isa = PBXGroup;
			children = (
				362F42FA273CF3FA0033E580 /* NetworkResult.swift */,
				362F42FC273CF40E0033E580 /* Constants.swift */,
				362F4300273CF9320033E580 /* LoginService.swift */,
			);
			path = Service;
			sourceTree = "<group>";
		};
		36631BF6272BD2A8001BEC5B /* Extension */ = {
			isa = PBXGroup;
			children = (
				36631BF7272BD2B4001BEC5B /* UIView++.swift */,
				36631C00272BDF31001BEC5B /* UITableView++.swift */,
				36631C0C272BF9F9001BEC5B /* UICollectionView++.swift */,
				362F4302273CFD530033E580 /* UIViewController++.swift */,
			);
			path = Extension;
			sourceTree = "<group>";
		};
		36631BF9272BDE73001BEC5B /* TVCs */ = {
			isa = PBXGroup;
			children = (
				36631C02272BF533001BEC5B /* ShortsTVC.swift */,
				36631C0E272C04F2001BEC5B /* VideoTVC.swift */,
			);
			path = TVCs;
			sourceTree = "<group>";
		};
		36631BFE272BDE9F001BEC5B /* Xibs */ = {
			isa = PBXGroup;
			children = (
				36631C0B272BF691001BEC5B /* CVCs */,
				36631BFF272BDEAA001BEC5B /* TVCs */,
			);
			path = Xibs;
			sourceTree = "<group>";
		};
		36631BFF272BDEAA001BEC5B /* TVCs */ = {
			isa = PBXGroup;
			children = (
				36631C0F272C04F2001BEC5B /* VideoTVC.xib */,
				36631C03272BF533001BEC5B /* ShortsTVC.xib */,
			);
			path = TVCs;
			sourceTree = "<group>";
		};
		36631C06272BF674001BEC5B /* CVCs */ = {
			isa = PBXGroup;
			children = (
				36631C07272BF68C001BEC5B /* ShortsCVC.swift */,
			);
			path = CVCs;
			sourceTree = "<group>";
		};
		36631C0B272BF691001BEC5B /* CVCs */ = {
			isa = PBXGroup;
			children = (
				36631C08272BF68C001BEC5B /* ShortsCVC.xib */,
			);
			path = CVCs;
			sourceTree = "<group>";
		};
		36631C16272C0E1A001BEC5B /* Models */ = {
			isa = PBXGroup;
			children = (
				362F42FE273CF5BA0033E580 /* LoginDataModel.swift */,
			);
			path = Models;
			sourceTree = "<group>";
		};
		36A6020F2710078F002BBF40 = {
			isa = PBXGroup;
			children = (
				36A6021A2710078F002BBF40 /* Youtube_Clone */,
				36A602192710078F002BBF40 /* Products */,
				0D494705EBF7D75CB464EE7D /* Pods */,
				E99ECD67ECBC81FB39C1178A /* Frameworks */,
			);
			sourceTree = "<group>";
		};
		36A602192710078F002BBF40 /* Products */ = {
			isa = PBXGroup;
			children = (
				36A602182710078F002BBF40 /* Youtube_Clone.app */,
			);
			name = Products;
			sourceTree = "<group>";
		};
		36A6021A2710078F002BBF40 /* Youtube_Clone */ = {
			isa = PBXGroup;
			children = (
				36A6022F271007A5002BBF40 /* Source */,
				36A60230271007BA002BBF40 /* Resource */,
			);
			path = Youtube_Clone;
			sourceTree = "<group>";
		};
		36A6022F271007A5002BBF40 /* Source */ = {
			isa = PBXGroup;
			children = (
				362F42F9273CF3E00033E580 /* Service */,
				36631C16272C0E1A001BEC5B /* Models */,
				36631C06272BF674001BEC5B /* CVCs */,
				36631BF9272BDE73001BEC5B /* TVCs */,
				36631BF6272BD2A8001BEC5B /* Extension */,
				36A60232271007FE002BBF40 /* VCs */,
				36A60231271007EC002BBF40 /* Support */,
			);
			path = Source;
			sourceTree = "<group>";
		};
		36A60230271007BA002BBF40 /* Resource */ = {
			isa = PBXGroup;
			children = (
				36631BFE272BDE9F001BEC5B /* Xibs */,
				36A6023327100812002BBF40 /* Storyboards */,
				36A6022927100790002BBF40 /* Info.plist */,
				36A6022427100790002BBF40 /* Assets.xcassets */,
			);
			path = Resource;
			sourceTree = "<group>";
		};
		36A60231271007EC002BBF40 /* Support */ = {
			isa = PBXGroup;
			children = (
				36A6021B2710078F002BBF40 /* AppDelegate.swift */,
				36A6021D2710078F002BBF40 /* SceneDelegate.swift */,
			);
			path = Support;
			sourceTree = "<group>";
		};
		36A60232271007FE002BBF40 /* VCs */ = {
			isa = PBXGroup;
			children = (
				36F8F6E52722DDD700092338 /* Saves */,
				36F8F6E42722DDCF00092338 /* Subscibe */,
				36F8F6E32722DDCA00092338 /* Adds */,
				36F8F6E12722DDB800092338 /* Shorts */,
				36F8F6E22722DDBF00092338 /* Tabbar */,
				36F8F6CD272146F100092338 /* Home */,
				36F8F6CC272146E200092338 /* Login */,
				36A6021F2710078F002BBF40 /* ViewController.swift */,
			);
			path = VCs;
			sourceTree = "<group>";
		};
		36A6023327100812002BBF40 /* Storyboards */ = {
			isa = PBXGroup;
			children = (
				36F8F6DC2722DD8C00092338 /* Saves */,
				36F8F6D92722DD7000092338 /* Subscribe */,
				36F8F6D62722DD6000092338 /* Adds */,
				36F8F6D32722DD3E00092338 /* Shorts */,
				36F8F6D22722DD2400092338 /* Tabbar */,
				36F8F6C9272146AD00092338 /* Login */,
				36F8F6C82721469C00092338 /* Home */,
				36A602212710078F002BBF40 /* Main.storyboard */,
				36A6022627100790002BBF40 /* LaunchScreen.storyboard */,
			);
			path = Storyboards;
			sourceTree = "<group>";
		};
		36F8F6C82721469C00092338 /* Home */ = {
			isa = PBXGroup;
			children = (
				36F8F6CE2721470D00092338 /* Home.storyboard */,
			);
			path = Home;
			sourceTree = "<group>";
		};
		36F8F6C9272146AD00092338 /* Login */ = {
			isa = PBXGroup;
			children = (
				36A60234271008C2002BBF40 /* Login.storyboard */,
				366D23F32710627600652491 /* Register.storyboard */,
				366D23F727106D5300652491 /* CompleteLogin.storyboard */,
			);
			path = Login;
			sourceTree = "<group>";
		};
		36F8F6CC272146E200092338 /* Login */ = {
			isa = PBXGroup;
			children = (
				36A60236271008DE002BBF40 /* LoginVC.swift */,
				366D23F52710628800652491 /* RegisterVC.swift */,
				366D23F927106D6200652491 /* CompleteLoginVC.swift */,
			);
			path = Login;
			sourceTree = "<group>";
		};
		36F8F6CD272146F100092338 /* Home */ = {
			isa = PBXGroup;
			children = (
				36F8F6CA272146DD00092338 /* HomeVC.swift */,
			);
			path = Home;
			sourceTree = "<group>";
		};
		36F8F6D22722DD2400092338 /* Tabbar */ = {
			isa = PBXGroup;
			children = (
				36F8F6D02721482100092338 /* Tabbar.storyboard */,
			);
			path = Tabbar;
			sourceTree = "<group>";
		};
		36F8F6D32722DD3E00092338 /* Shorts */ = {
			isa = PBXGroup;
			children = (
				36F8F6D42722DD4E00092338 /* Shorts.storyboard */,
			);
			path = Shorts;
			sourceTree = "<group>";
		};
		36F8F6D62722DD6000092338 /* Adds */ = {
			isa = PBXGroup;
			children = (
				36F8F6D72722DD6B00092338 /* Adds.storyboard */,
			);
			path = Adds;
			sourceTree = "<group>";
		};
		36F8F6D92722DD7000092338 /* Subscribe */ = {
			isa = PBXGroup;
			children = (
				36F8F6DA2722DD7E00092338 /* Subscribe.storyboard */,
			);
			path = Subscribe;
			sourceTree = "<group>";
		};
		36F8F6DC2722DD8C00092338 /* Saves */ = {
			isa = PBXGroup;
			children = (
				36F8F6DD2722DD9800092338 /* Saves.storyboard */,
			);
			path = Saves;
			sourceTree = "<group>";
		};
		36F8F6E12722DDB800092338 /* Shorts */ = {
			isa = PBXGroup;
			children = (
				36F8F6DF2722DDB100092338 /* ShortsVC.swift */,
			);
			path = Shorts;
			sourceTree = "<group>";
		};
		36F8F6E22722DDBF00092338 /* Tabbar */ = {
			isa = PBXGroup;
			children = (
				36F8F6C62721464E00092338 /* TabbarVC.swift */,
			);
			path = Tabbar;
			sourceTree = "<group>";
		};
		36F8F6E32722DDCA00092338 /* Adds */ = {
			isa = PBXGroup;
			children = (
				36F8F6E62722DDE600092338 /* AddsVC.swift */,
			);
			path = Adds;
			sourceTree = "<group>";
		};
		36F8F6E42722DDCF00092338 /* Subscibe */ = {
			isa = PBXGroup;
			children = (
				36F8F6E82722DDF800092338 /* SubscribeVC.swift */,
			);
			path = Subscibe;
			sourceTree = "<group>";
		};
		36F8F6E52722DDD700092338 /* Saves */ = {
			isa = PBXGroup;
			children = (
				36F8F6EA2722DE0500092338 /* SavesVC.swift */,
			);
			path = Saves;
			sourceTree = "<group>";
		};
		E99ECD67ECBC81FB39C1178A /* Frameworks */ = {
			isa = PBXGroup;
			children = (
				A42C46E5A41B6283E7A221CB /* Pods_Youtube_Clone.framework */,
			);
			name = Frameworks;
			sourceTree = "<group>";
		};
/* End PBXGroup section */

/* Begin PBXNativeTarget section */
		36A602172710078F002BBF40 /* Youtube_Clone */ = {
			isa = PBXNativeTarget;
			buildConfigurationList = 36A6022C27100790002BBF40 /* Build configuration list for PBXNativeTarget "Youtube_Clone" */;
			buildPhases = (
				CBC1585B1C6594C44B602C73 /* [CP] Check Pods Manifest.lock */,
				36A602142710078F002BBF40 /* Sources */,
				36A602152710078F002BBF40 /* Frameworks */,
				36A602162710078F002BBF40 /* Resources */,
				CB2DEA43AD5219BDED23393D /* [CP] Embed Pods Frameworks */,
			);
			buildRules = (
			);
			dependencies = (
			);
			name = Youtube_Clone;
			productName = Youtube_Clone;
			productReference = 36A602182710078F002BBF40 /* Youtube_Clone.app */;
			productType = "com.apple.product-type.application";
		};
/* End PBXNativeTarget section */

/* Begin PBXProject section */
		36A602102710078F002BBF40 /* Project object */ = {
			isa = PBXProject;
			attributes = {
				BuildIndependentTargetsInParallel = 1;
				LastSwiftUpdateCheck = 1300;
				LastUpgradeCheck = 1300;
				TargetAttributes = {
					36A602172710078F002BBF40 = {
						CreatedOnToolsVersion = 13.0;
					};
				};
			};
			buildConfigurationList = 36A602132710078F002BBF40 /* Build configuration list for PBXProject "Youtube_Clone" */;
			compatibilityVersion = "Xcode 13.0";
			developmentRegion = en;
			hasScannedForEncodings = 0;
			knownRegions = (
				en,
				Base,
			);
			mainGroup = 36A6020F2710078F002BBF40;
			productRefGroup = 36A602192710078F002BBF40 /* Products */;
			projectDirPath = "";
			projectRoot = "";
			targets = (
				36A602172710078F002BBF40 /* Youtube_Clone */,
			);
		};
/* End PBXProject section */

/* Begin PBXResourcesBuildPhase section */
		36A602162710078F002BBF40 /* Resources */ = {
			isa = PBXResourcesBuildPhase;
			buildActionMask = 2147483647;
			files = (
				36F8F6CF2721470D00092338 /* Home.storyboard in Resources */,
				36F8F6DE2722DD9800092338 /* Saves.storyboard in Resources */,
				36A60235271008C2002BBF40 /* Login.storyboard in Resources */,
				36F8F6D82722DD6B00092338 /* Adds.storyboard in Resources */,
				36A6022827100790002BBF40 /* LaunchScreen.storyboard in Resources */,
				36F8F6D52722DD4E00092338 /* Shorts.storyboard in Resources */,
				36631C05272BF533001BEC5B /* ShortsTVC.xib in Resources */,
				36A6022527100790002BBF40 /* Assets.xcassets in Resources */,
				36F8F6D12721482100092338 /* Tabbar.storyboard in Resources */,
				36A602232710078F002BBF40 /* Main.storyboard in Resources */,
				366D23F42710627600652491 /* Register.storyboard in Resources */,
				36631C11272C04F2001BEC5B /* VideoTVC.xib in Resources */,
				36F8F6DB2722DD7E00092338 /* Subscribe.storyboard in Resources */,
				366D23F827106D5300652491 /* CompleteLogin.storyboard in Resources */,
				36631C0A272BF68C001BEC5B /* ShortsCVC.xib in Resources */,
			);
			runOnlyForDeploymentPostprocessing = 0;
		};
/* End PBXResourcesBuildPhase section */

/* Begin PBXShellScriptBuildPhase section */
		CB2DEA43AD5219BDED23393D /* [CP] Embed Pods Frameworks */ = {
			isa = PBXShellScriptBuildPhase;
			buildActionMask = 2147483647;
			files = (
			);
			inputFileListPaths = (
				"${PODS_ROOT}/Target Support Files/Pods-Youtube_Clone/Pods-Youtube_Clone-frameworks-${CONFIGURATION}-input-files.xcfilelist",
			);
			name = "[CP] Embed Pods Frameworks";
			outputFileListPaths = (
				"${PODS_ROOT}/Target Support Files/Pods-Youtube_Clone/Pods-Youtube_Clone-frameworks-${CONFIGURATION}-output-files.xcfilelist",
			);
			runOnlyForDeploymentPostprocessing = 0;
			shellPath = /bin/sh;
			shellScript = "\"${PODS_ROOT}/Target Support Files/Pods-Youtube_Clone/Pods-Youtube_Clone-frameworks.sh\"\n";
			showEnvVarsInLog = 0;
		};
		CBC1585B1C6594C44B602C73 /* [CP] Check Pods Manifest.lock */ = {
			isa = PBXShellScriptBuildPhase;
			buildActionMask = 2147483647;
			files = (
			);
			inputFileListPaths = (
			);
			inputPaths = (
				"${PODS_PODFILE_DIR_PATH}/Podfile.lock",
				"${PODS_ROOT}/Manifest.lock",
			);
			name = "[CP] Check Pods Manifest.lock";
			outputFileListPaths = (
			);
			outputPaths = (
				"$(DERIVED_FILE_DIR)/Pods-Youtube_Clone-checkManifestLockResult.txt",
			);
			runOnlyForDeploymentPostprocessing = 0;
			shellPath = /bin/sh;
			shellScript = "diff \"${PODS_PODFILE_DIR_PATH}/Podfile.lock\" \"${PODS_ROOT}/Manifest.lock\" > /dev/null\nif [ $? != 0 ] ; then\n    # print error to STDERR\n    echo \"error: The sandbox is not in sync with the Podfile.lock. Run 'pod install' or update your CocoaPods installation.\" >&2\n    exit 1\nfi\n# This output is used by Xcode 'outputs' to avoid re-running this script phase.\necho \"SUCCESS\" > \"${SCRIPT_OUTPUT_FILE_0}\"\n";
			showEnvVarsInLog = 0;
		};
/* End PBXShellScriptBuildPhase section */

/* Begin PBXSourcesBuildPhase section */
		36A602142710078F002BBF40 /* Sources */ = {
			isa = PBXSourcesBuildPhase;
			buildActionMask = 2147483647;
			files = (
				36A602202710078F002BBF40 /* ViewController.swift in Sources */,
				36F8F6CB272146DD00092338 /* HomeVC.swift in Sources */,
				36631C01272BDF31001BEC5B /* UITableView++.swift in Sources */,
				36631C04272BF533001BEC5B /* ShortsTVC.swift in Sources */,
				36F8F6E72722DDE600092338 /* AddsVC.swift in Sources */,
				366D23FA27106D6200652491 /* CompleteLoginVC.swift in Sources */,
				36F8F6C72721464E00092338 /* TabbarVC.swift in Sources */,
				36631BF8272BD2B4001BEC5B /* UIView++.swift in Sources */,
				36A6021C2710078F002BBF40 /* AppDelegate.swift in Sources */,
				36631C09272BF68C001BEC5B /* ShortsCVC.swift in Sources */,
				362F42FF273CF5BA0033E580 /* LoginDataModel.swift in Sources */,
				36A60237271008DE002BBF40 /* LoginVC.swift in Sources */,
				36F8F6EB2722DE0500092338 /* SavesVC.swift in Sources */,
				36A6021E2710078F002BBF40 /* SceneDelegate.swift in Sources */,
				36631C0D272BF9F9001BEC5B /* UICollectionView++.swift in Sources */,
				36F8F6E02722DDB100092338 /* ShortsVC.swift in Sources */,
				362F4303273CFD530033E580 /* UIViewController++.swift in Sources */,
				362F42FD273CF40E0033E580 /* Constants.swift in Sources */,
				362F4301273CF9320033E580 /* LoginService.swift in Sources */,
				366D23F62710628800652491 /* RegisterVC.swift in Sources */,
				36F8F6E92722DDF800092338 /* SubscribeVC.swift in Sources */,
				36631C10272C04F2001BEC5B /* VideoTVC.swift in Sources */,
				362F42FB273CF3FA0033E580 /* NetworkResult.swift in Sources */,
			);
			runOnlyForDeploymentPostprocessing = 0;
		};
/* End PBXSourcesBuildPhase section */

/* Begin PBXVariantGroup section */
		36A602212710078F002BBF40 /* Main.storyboard */ = {
			isa = PBXVariantGroup;
			children = (
				36A602222710078F002BBF40 /* Base */,
			);
			name = Main.storyboard;
			sourceTree = "<group>";
		};
		36A6022627100790002BBF40 /* LaunchScreen.storyboard */ = {
			isa = PBXVariantGroup;
			children = (
				36A6022727100790002BBF40 /* Base */,
			);
			name = LaunchScreen.storyboard;
			sourceTree = "<group>";
		};
/* End PBXVariantGroup section */

/* Begin XCBuildConfiguration section */
		36A6022A27100790002BBF40 /* Debug */ = {
			isa = XCBuildConfiguration;
			buildSettings = {
				ALWAYS_SEARCH_USER_PATHS = NO;
				CLANG_ANALYZER_NONNULL = YES;
				CLANG_ANALYZER_NUMBER_OBJECT_CONVERSION = YES_AGGRESSIVE;
				CLANG_CXX_LANGUAGE_STANDARD = "gnu++17";
				CLANG_CXX_LIBRARY = "libc++";
				CLANG_ENABLE_MODULES = YES;
				CLANG_ENABLE_OBJC_ARC = YES;
				CLANG_ENABLE_OBJC_WEAK = YES;
				CLANG_WARN_BLOCK_CAPTURE_AUTORELEASING = YES;
				CLANG_WARN_BOOL_CONVERSION = YES;
				CLANG_WARN_COMMA = YES;
				CLANG_WARN_CONSTANT_CONVERSION = YES;
				CLANG_WARN_DEPRECATED_OBJC_IMPLEMENTATIONS = YES;
				CLANG_WARN_DIRECT_OBJC_ISA_USAGE = YES_ERROR;
				CLANG_WARN_DOCUMENTATION_COMMENTS = YES;
				CLANG_WARN_EMPTY_BODY = YES;
				CLANG_WARN_ENUM_CONVERSION = YES;
				CLANG_WARN_INFINITE_RECURSION = YES;
				CLANG_WARN_INT_CONVERSION = YES;
				CLANG_WARN_NON_LITERAL_NULL_CONVERSION = YES;
				CLANG_WARN_OBJC_IMPLICIT_RETAIN_SELF = YES;
				CLANG_WARN_OBJC_LITERAL_CONVERSION = YES;
				CLANG_WARN_OBJC_ROOT_CLASS = YES_ERROR;
				CLANG_WARN_QUOTED_INCLUDE_IN_FRAMEWORK_HEADER = YES;
				CLANG_WARN_RANGE_LOOP_ANALYSIS = YES;
				CLANG_WARN_STRICT_PROTOTYPES = YES;
				CLANG_WARN_SUSPICIOUS_MOVE = YES;
				CLANG_WARN_UNGUARDED_AVAILABILITY = YES_AGGRESSIVE;
				CLANG_WARN_UNREACHABLE_CODE = YES;
				CLANG_WARN__DUPLICATE_METHOD_MATCH = YES;
				COPY_PHASE_STRIP = NO;
				DEBUG_INFORMATION_FORMAT = dwarf;
				ENABLE_STRICT_OBJC_MSGSEND = YES;
				ENABLE_TESTABILITY = YES;
				GCC_C_LANGUAGE_STANDARD = gnu11;
				GCC_DYNAMIC_NO_PIC = NO;
				GCC_NO_COMMON_BLOCKS = YES;
				GCC_OPTIMIZATION_LEVEL = 0;
				GCC_PREPROCESSOR_DEFINITIONS = (
					"DEBUG=1",
					"$(inherited)",
				);
				GCC_WARN_64_TO_32_BIT_CONVERSION = YES;
				GCC_WARN_ABOUT_RETURN_TYPE = YES_ERROR;
				GCC_WARN_UNDECLARED_SELECTOR = YES;
				GCC_WARN_UNINITIALIZED_AUTOS = YES_AGGRESSIVE;
				GCC_WARN_UNUSED_FUNCTION = YES;
				GCC_WARN_UNUSED_VARIABLE = YES;
				IPHONEOS_DEPLOYMENT_TARGET = 15.0;
				MTL_ENABLE_DEBUG_INFO = INCLUDE_SOURCE;
				MTL_FAST_MATH = YES;
				ONLY_ACTIVE_ARCH = YES;
				SDKROOT = iphoneos;
				SWIFT_ACTIVE_COMPILATION_CONDITIONS = DEBUG;
				SWIFT_OPTIMIZATION_LEVEL = "-Onone";
			};
			name = Debug;
		};
		36A6022B27100790002BBF40 /* Release */ = {
			isa = XCBuildConfiguration;
			buildSettings = {
				ALWAYS_SEARCH_USER_PATHS = NO;
				CLANG_ANALYZER_NONNULL = YES;
				CLANG_ANALYZER_NUMBER_OBJECT_CONVERSION = YES_AGGRESSIVE;
				CLANG_CXX_LANGUAGE_STANDARD = "gnu++17";
				CLANG_CXX_LIBRARY = "libc++";
				CLANG_ENABLE_MODULES = YES;
				CLANG_ENABLE_OBJC_ARC = YES;
				CLANG_ENABLE_OBJC_WEAK = YES;
				CLANG_WARN_BLOCK_CAPTURE_AUTORELEASING = YES;
				CLANG_WARN_BOOL_CONVERSION = YES;
				CLANG_WARN_COMMA = YES;
				CLANG_WARN_CONSTANT_CONVERSION = YES;
				CLANG_WARN_DEPRECATED_OBJC_IMPLEMENTATIONS = YES;
				CLANG_WARN_DIRECT_OBJC_ISA_USAGE = YES_ERROR;
				CLANG_WARN_DOCUMENTATION_COMMENTS = YES;
				CLANG_WARN_EMPTY_BODY = YES;
				CLANG_WARN_ENUM_CONVERSION = YES;
				CLANG_WARN_INFINITE_RECURSION = YES;
				CLANG_WARN_INT_CONVERSION = YES;
				CLANG_WARN_NON_LITERAL_NULL_CONVERSION = YES;
				CLANG_WARN_OBJC_IMPLICIT_RETAIN_SELF = YES;
				CLANG_WARN_OBJC_LITERAL_CONVERSION = YES;
				CLANG_WARN_OBJC_ROOT_CLASS = YES_ERROR;
				CLANG_WARN_QUOTED_INCLUDE_IN_FRAMEWORK_HEADER = YES;
				CLANG_WARN_RANGE_LOOP_ANALYSIS = YES;
				CLANG_WARN_STRICT_PROTOTYPES = YES;
				CLANG_WARN_SUSPICIOUS_MOVE = YES;
				CLANG_WARN_UNGUARDED_AVAILABILITY = YES_AGGRESSIVE;
				CLANG_WARN_UNREACHABLE_CODE = YES;
				CLANG_WARN__DUPLICATE_METHOD_MATCH = YES;
				COPY_PHASE_STRIP = NO;
				DEBUG_INFORMATION_FORMAT = "dwarf-with-dsym";
				ENABLE_NS_ASSERTIONS = NO;
				ENABLE_STRICT_OBJC_MSGSEND = YES;
				GCC_C_LANGUAGE_STANDARD = gnu11;
				GCC_NO_COMMON_BLOCKS = YES;
				GCC_WARN_64_TO_32_BIT_CONVERSION = YES;
				GCC_WARN_ABOUT_RETURN_TYPE = YES_ERROR;
				GCC_WARN_UNDECLARED_SELECTOR = YES;
				GCC_WARN_UNINITIALIZED_AUTOS = YES_AGGRESSIVE;
				GCC_WARN_UNUSED_FUNCTION = YES;
				GCC_WARN_UNUSED_VARIABLE = YES;
				IPHONEOS_DEPLOYMENT_TARGET = 15.0;
				MTL_ENABLE_DEBUG_INFO = NO;
				MTL_FAST_MATH = YES;
				SDKROOT = iphoneos;
				SWIFT_COMPILATION_MODE = wholemodule;
				SWIFT_OPTIMIZATION_LEVEL = "-O";
				VALIDATE_PRODUCT = YES;
			};
			name = Release;
		};
		36A6022D27100790002BBF40 /* Debug */ = {
			isa = XCBuildConfiguration;
			baseConfigurationReference = BC33DB4C4E3E561CC28854FA /* Pods-Youtube_Clone.debug.xcconfig */;
			buildSettings = {
				ASSETCATALOG_COMPILER_APPICON_NAME = AppIcon;
				ASSETCATALOG_COMPILER_GLOBAL_ACCENT_COLOR_NAME = AccentColor;
				CODE_SIGN_STYLE = Automatic;
				CURRENT_PROJECT_VERSION = 1;
				DEVELOPMENT_TEAM = U24ZACT97M;
				GENERATE_INFOPLIST_FILE = YES;
				INFOPLIST_FILE = Youtube_Clone/Resource/Info.plist;
				INFOPLIST_KEY_UIApplicationSupportsIndirectInputEvents = YES;
				INFOPLIST_KEY_UILaunchStoryboardName = LaunchScreen;
				INFOPLIST_KEY_UIMainStoryboardFile = Main;
				INFOPLIST_KEY_UISupportedInterfaceOrientations_iPad = "UIInterfaceOrientationPortrait UIInterfaceOrientationPortraitUpsideDown UIInterfaceOrientationLandscapeLeft UIInterfaceOrientationLandscapeRight";
				INFOPLIST_KEY_UISupportedInterfaceOrientations_iPhone = "UIInterfaceOrientationPortrait UIInterfaceOrientationLandscapeLeft UIInterfaceOrientationLandscapeRight";
				LD_RUNPATH_SEARCH_PATHS = (
					"$(inherited)",
					"@executable_path/Frameworks",
				);
				MARKETING_VERSION = 1.0;
				PRODUCT_BUNDLE_IDENTIFIER = "ikbum.Youtube-Clone";
				PRODUCT_NAME = "$(TARGET_NAME)";
				SWIFT_EMIT_LOC_STRINGS = YES;
				SWIFT_VERSION = 5.0;
				TARGETED_DEVICE_FAMILY = "1,2";
			};
			name = Debug;
		};
		36A6022E27100790002BBF40 /* Release */ = {
			isa = XCBuildConfiguration;
			baseConfigurationReference = DA2DEAD95BCC3B36D86A6F98 /* Pods-Youtube_Clone.release.xcconfig */;
			buildSettings = {
				ASSETCATALOG_COMPILER_APPICON_NAME = AppIcon;
				ASSETCATALOG_COMPILER_GLOBAL_ACCENT_COLOR_NAME = AccentColor;
				CODE_SIGN_STYLE = Automatic;
				CURRENT_PROJECT_VERSION = 1;
				DEVELOPMENT_TEAM = U24ZACT97M;
				GENERATE_INFOPLIST_FILE = YES;
				INFOPLIST_FILE = Youtube_Clone/Resource/Info.plist;
				INFOPLIST_KEY_UIApplicationSupportsIndirectInputEvents = YES;
				INFOPLIST_KEY_UILaunchStoryboardName = LaunchScreen;
				INFOPLIST_KEY_UIMainStoryboardFile = Main;
				INFOPLIST_KEY_UISupportedInterfaceOrientations_iPad = "UIInterfaceOrientationPortrait UIInterfaceOrientationPortraitUpsideDown UIInterfaceOrientationLandscapeLeft UIInterfaceOrientationLandscapeRight";
				INFOPLIST_KEY_UISupportedInterfaceOrientations_iPhone = "UIInterfaceOrientationPortrait UIInterfaceOrientationLandscapeLeft UIInterfaceOrientationLandscapeRight";
				LD_RUNPATH_SEARCH_PATHS = (
					"$(inherited)",
					"@executable_path/Frameworks",
				);
				MARKETING_VERSION = 1.0;
				PRODUCT_BUNDLE_IDENTIFIER = "ikbum.Youtube-Clone";
				PRODUCT_NAME = "$(TARGET_NAME)";
				SWIFT_EMIT_LOC_STRINGS = YES;
				SWIFT_VERSION = 5.0;
				TARGETED_DEVICE_FAMILY = "1,2";
			};
			name = Release;
		};
/* End XCBuildConfiguration section */

/* Begin XCConfigurationList section */
		36A602132710078F002BBF40 /* Build configuration list for PBXProject "Youtube_Clone" */ = {
			isa = XCConfigurationList;
			buildConfigurations = (
				36A6022A27100790002BBF40 /* Debug */,
				36A6022B27100790002BBF40 /* Release */,
			);
			defaultConfigurationIsVisible = 0;
			defaultConfigurationName = Release;
		};
		36A6022C27100790002BBF40 /* Build configuration list for PBXNativeTarget "Youtube_Clone" */ = {
			isa = XCConfigurationList;
			buildConfigurations = (
				36A6022D27100790002BBF40 /* Debug */,
				36A6022E27100790002BBF40 /* Release */,
			);
			defaultConfigurationIsVisible = 0;
			defaultConfigurationName = Release;
		};
/* End XCConfigurationList section */
	};
	rootObject = 36A602102710078F002BBF40 /* Project object */;
}
